
Microsoft Visual Studio Solution File, Format Version 12.00
# Visual Studio 15
VisualStudioVersion = 15.0.28307.1000
MinimumVisualStudioVersion = 10.0.40219.1
Project("{FAE04EC0-301F-11D3-BF4B-00C04F79EFBC}") = "PruebaApi", "PruebaApi.csproj", "{FE3B31DB-1CEA-40DE-8FFD-B0F0C43E556E}"
EndProject
Global
	GlobalSection(SolutionConfigurationPlatforms) = preSolution
		Debug|Any CPU = Debug|Any CPU
		Release|Any CPU = Release|Any CPU
	EndGlobalSection
	GlobalSection(ProjectConfigurationPlatforms) = postSolution
		{FE3B31DB-1CEA-40DE-8FFD-B0F0C43E556E}.Debug|Any CPU.ActiveCfg = Debug|Any CPU
		{FE3B31DB-1CEA-40DE-8FFD-B0F0C43E556E}.Debug|Any CPU.Build.0 = Debug|Any CPU
		{FE3B31DB-1CEA-40DE-8FFD-B0F0C43E556E}.Release|Any CPU.ActiveCfg = Release|Any CPU
		{FE3B31DB-1CEA-40DE-8FFD-B0F0C43E556E}.Release|Any CPU.Build.0 = Release|Any CPU
	EndGlobalSection
	GlobalSection(SolutionProperties) = preSolution
		HideSolutionNode = FALSE
	EndGlobalSection
	GlobalSection(ExtensibilityGlobals) = postSolution
		SolutionGuid = {905DC9FF-2F0D-44B9-B158-D5FA7A30371A}
	EndGlobalSection
EndGlobal
